// !$*UTF8*$!
{
	archiveVersion = 1;
	classes = {
	};
	objectVersion = 46;
	objects = {

/* Begin PBXBuildFile section */
		651DA8D019530AB800EA1C98 /* Foundation.framework in Frameworks */ = {isa = PBXBuildFile; fileRef = 651DA8CF19530AB800EA1C98 /* Foundation.framework */; };
		651DA8D219530AB800EA1C98 /* CoreGraphics.framework in Frameworks */ = {isa = PBXBuildFile; fileRef = 651DA8D119530AB800EA1C98 /* CoreGraphics.framework */; };
		651DA8D419530AB800EA1C98 /* UIKit.framework in Frameworks */ = {isa = PBXBuildFile; fileRef = 651DA8D319530AB800EA1C98 /* UIKit.framework */; };
		651DA8DA19530AB800EA1C98 /* InfoPlist.strings in Resources */ = {isa = PBXBuildFile; fileRef = 651DA8D819530AB800EA1C98 /* InfoPlist.strings */; };
		651DA8DC19530AB800EA1C98 /* main.m in Sources */ = {isa = PBXBuildFile; fileRef = 651DA8DB19530AB800EA1C98 /* main.m */; };
		651DA8E019530AB800EA1C98 /* DZAppDelegate.m in Sources */ = {isa = PBXBuildFile; fileRef = 651DA8DF19530AB800EA1C98 /* DZAppDelegate.m */; };
		651DA8E219530AB800EA1C98 /* Images.xcassets in Resources */ = {isa = PBXBuildFile; fileRef = 651DA8E119530AB800EA1C98 /* Images.xcassets */; };
		651DA8E919530AB800EA1C98 /* XCTest.framework in Frameworks */ = {isa = PBXBuildFile; fileRef = 651DA8E819530AB800EA1C98 /* XCTest.framework */; };
		651DA8EA19530AB800EA1C98 /* Foundation.framework in Frameworks */ = {isa = PBXBuildFile; fileRef = 651DA8CF19530AB800EA1C98 /* Foundation.framework */; };
		651DA8EB19530AB800EA1C98 /* UIKit.framework in Frameworks */ = {isa = PBXBuildFile; fileRef = 651DA8D319530AB800EA1C98 /* UIKit.framework */; };
		651DA8F319530AB800EA1C98 /* InfoPlist.strings in Resources */ = {isa = PBXBuildFile; fileRef = 651DA8F119530AB800EA1C98 /* InfoPlist.strings */; };
		651DA8F519530AB800EA1C98 /* AirPlaneTests.m in Sources */ = {isa = PBXBuildFile; fileRef = 651DA8F419530AB800EA1C98 /* AirPlaneTests.m */; };
		651DA90E19530AF700EA1C98 /* bullet.png in Resources */ = {isa = PBXBuildFile; fileRef = 651DA8FF19530AF700EA1C98 /* bullet.png */; };
		651DA90F19530AF700EA1C98 /* bullet@2x.png in Resources */ = {isa = PBXBuildFile; fileRef = 651DA90019530AF700EA1C98 /* bullet@2x.png */; };
		651DA91019530AF700EA1C98 /* cloud1.png in Resources */ = {isa = PBXBuildFile; fileRef = 651DA90119530AF700EA1C98 /* cloud1.png */; };
		651DA91119530AF700EA1C98 /* cloud1@2x.png in Resources */ = {isa = PBXBuildFile; fileRef = 651DA90219530AF700EA1C98 /* cloud1@2x.png */; };
		651DA91219530AF700EA1C98 /* cloud2.png in Resources */ = {isa = PBXBuildFile; fileRef = 651DA90319530AF700EA1C98 /* cloud2.png */; };
		651DA91319530AF700EA1C98 /* cloud2@2x.png in Resources */ = {isa = PBXBuildFile; fileRef = 651DA90419530AF700EA1C98 /* cloud2@2x.png */; };
		651DA91419530AF700EA1C98 /* cloud3.png in Resources */ = {isa = PBXBuildFile; fileRef = 651DA90519530AF700EA1C98 /* cloud3.png */; };
		651DA91519530AF700EA1C98 /* cloud3@2x.png in Resources */ = {isa = PBXBuildFile; fileRef = 651DA90619530AF700EA1C98 /* cloud3@2x.png */; };
		651DA91619530AF700EA1C98 /* enemy.png in Resources */ = {isa = PBXBuildFile; fileRef = 651DA90719530AF700EA1C98 /* enemy.png */; };
		651DA91719530AF700EA1C98 /* enemy@2x.png in Resources */ = {isa = PBXBuildFile; fileRef = 651DA90819530AF700EA1C98 /* enemy@2x.png */; };
		651DA91819530AF700EA1C98 /* plane-rear-fire.png in Resources */ = {isa = PBXBuildFile; fileRef = 651DA90919530AF700EA1C98 /* plane-rear-fire.png */; };
		651DA91919530AF700EA1C98 /* plane-rear-fire@2x.png in Resources */ = {isa = PBXBuildFile; fileRef = 651DA90A19530AF700EA1C98 /* plane-rear-fire@2x.png */; };
		651DA91A19530AF700EA1C98 /* plane.png in Resources */ = {isa = PBXBuildFile; fileRef = 651DA90B19530AF700EA1C98 /* plane.png */; };
		651DA91B19530AF700EA1C98 /* plane@2x.png in Resources */ = {isa = PBXBuildFile; fileRef = 651DA90C19530AF700EA1C98 /* plane@2x.png */; };
		651DA91C19530AF700EA1C98 /* Screenshot_2013-09-07-09-39-25.png in Resources */ = {isa = PBXBuildFile; fileRef = 651DA90D19530AF700EA1C98 /* Screenshot_2013-09-07-09-39-25.png */; };
		651DA91F19530BBB00EA1C98 /* DZAutoMoveSprite.m in Sources */ = {isa = PBXBuildFile; fileRef = 651DA91E19530BBB00EA1C98 /* DZAutoMoveSprite.m */; };
		651DA92219530DF600EA1C98 /* DZSence.m in Sources */ = {isa = PBXBuildFile; fileRef = 651DA92119530DF600EA1C98 /* DZSence.m */; };
		651DA92519530E0900EA1C98 /* DZSprite.m in Sources */ = {isa = PBXBuildFile; fileRef = 651DA92419530E0900EA1C98 /* DZSprite.m */; };
		651DA928195312D100EA1C98 /* DZSenceViewController.m in Sources */ = {isa = PBXBuildFile; fileRef = 651DA927195312D100EA1C98 /* DZSenceViewController.m */; };
		651DA92B1953134200EA1C98 /* DZAirFightViewController.m in Sources */ = {isa = PBXBuildFile; fileRef = 651DA92A1953134200EA1C98 /* DZAirFightViewController.m */; };
		651DA931195313CE00EA1C98 /* DZMemoryCache.m in Sources */ = {isa = PBXBuildFile; fileRef = 651DA92E195313CE00EA1C98 /* DZMemoryCache.m */; };
		651DA932195313CE00EA1C98 /* DZImageCache.m in Sources */ = {isa = PBXBuildFile; fileRef = 651DA930195313CE00EA1C98 /* DZImageCache.m */; };
		651DA935195313E400EA1C98 /* DZSingletonFactory.m in Sources */ = {isa = PBXBuildFile; fileRef = 651DA934195313E400EA1C98 /* DZSingletonFactory.m */; };
		651DA93819531EF800EA1C98 /* HexColor.m in Sources */ = {isa = PBXBuildFile; fileRef = 651DA93719531EF800EA1C98 /* HexColor.m */; };
/* End PBXBuildFile section */

/* Begin PBXContainerItemProxy section */
		651DA8EC19530AB800EA1C98 /* PBXContainerItemProxy */ = {
			isa = PBXContainerItemProxy;
			containerPortal = 651DA8C419530AB800EA1C98 /* Project object */;
			proxyType = 1;
			remoteGlobalIDString = 651DA8CB19530AB800EA1C98;
			remoteInfo = AirPlane;
		};
/* End PBXContainerItemProxy section */

/* Begin PBXFileReference section */
		651DA8CC19530AB800EA1C98 /* AirPlane.app */ = {isa = PBXFileReference; explicitFileType = wrapper.application; includeInIndex = 0; path = AirPlane.app; sourceTree = BUILT_PRODUCTS_DIR; };
		651DA8CF19530AB800EA1C98 /* Foundation.framework */ = {isa = PBXFileReference; lastKnownFileType = wrapper.framework; name = Foundation.framework; path = System/Library/Frameworks/Foundation.framework; sourceTree = SDKROOT; };
		651DA8D119530AB800EA1C98 /* CoreGraphics.framework */ = {isa = PBXFileReference; lastKnownFileType = wrapper.framework; name = CoreGraphics.framework; path = System/Library/Frameworks/CoreGraphics.framework; sourceTree = SDKROOT; };
		651DA8D319530AB800EA1C98 /* UIKit.framework */ = {isa = PBXFileReference; lastKnownFileType = wrapper.framework; name = UIKit.framework; path = System/Library/Frameworks/UIKit.framework; sourceTree = SDKROOT; };
		651DA8D719530AB800EA1C98 /* AirPlane-Info.plist */ = {isa = PBXFileReference; lastKnownFileType = text.plist.xml; path = "AirPlane-Info.plist"; sourceTree = "<group>"; };
		651DA8D919530AB800EA1C98 /* en */ = {isa = PBXFileReference; lastKnownFileType = text.plist.strings; name = en; path = en.lproj/InfoPlist.strings; sourceTree = "<group>"; };
		651DA8DB19530AB800EA1C98 /* main.m */ = {isa = PBXFileReference; lastKnownFileType = sourcecode.c.objc; path = main.m; sourceTree = "<group>"; };
		651DA8DD19530AB800EA1C98 /* AirPlane-Prefix.pch */ = {isa = PBXFileReference; lastKnownFileType = sourcecode.c.h; path = "AirPlane-Prefix.pch"; sourceTree = "<group>"; };
		651DA8DE19530AB800EA1C98 /* DZAppDelegate.h */ = {isa = PBXFileReference; lastKnownFileType = sourcecode.c.h; path = DZAppDelegate.h; sourceTree = "<group>"; };
		651DA8DF19530AB800EA1C98 /* DZAppDelegate.m */ = {isa = PBXFileReference; lastKnownFileType = sourcecode.c.objc; path = DZAppDelegate.m; sourceTree = "<group>"; };
		651DA8E119530AB800EA1C98 /* Images.xcassets */ = {isa = PBXFileReference; lastKnownFileType = folder.assetcatalog; path = Images.xcassets; sourceTree = "<group>"; };
		651DA8E719530AB800EA1C98 /* AirPlaneTests.xctest */ = {isa = PBXFileReference; explicitFileType = wrapper.cfbundle; includeInIndex = 0; path = AirPlaneTests.xctest; sourceTree = BUILT_PRODUCTS_DIR; };
		651DA8E819530AB800EA1C98 /* XCTest.framework */ = {isa = PBXFileReference; lastKnownFileType = wrapper.framework; name = XCTest.framework; path = Library/Frameworks/XCTest.framework; sourceTree = DEVELOPER_DIR; };
		651DA8F019530AB800EA1C98 /* AirPlaneTests-Info.plist */ = {isa = PBXFileReference; lastKnownFileType = text.plist.xml; path = "AirPlaneTests-Info.plist"; sourceTree = "<group>"; };
		651DA8F219530AB800EA1C98 /* en */ = {isa = PBXFileReference; lastKnownFileType = text.plist.strings; name = en; path = en.lproj/InfoPlist.strings; sourceTree = "<group>"; };
		651DA8F419530AB800EA1C98 /* AirPlaneTests.m */ = {isa = PBXFileReference; lastKnownFileType = sourcecode.c.objc; path = AirPlaneTests.m; sourceTree = "<group>"; };
		651DA8FF19530AF700EA1C98 /* bullet.png */ = {isa = PBXFileReference; lastKnownFileType = image.png; path = bullet.png; sourceTree = "<group>"; };
		651DA90019530AF700EA1C98 /* bullet@2x.png */ = {isa = PBXFileReference; lastKnownFileType = image.png; path = "bullet@2x.png"; sourceTree = "<group>"; };
		651DA90119530AF700EA1C98 /* cloud1.png */ = {isa = PBXFileReference; lastKnownFileType = image.png; path = cloud1.png; sourceTree = "<group>"; };
		651DA90219530AF700EA1C98 /* cloud1@2x.png */ = {isa = PBXFileReference; lastKnownFileType = image.png; path = "cloud1@2x.png"; sourceTree = "<group>"; };
		651DA90319530AF700EA1C98 /* cloud2.png */ = {isa = PBXFileReference; lastKnownFileType = image.png; path = cloud2.png; sourceTree = "<group>"; };
		651DA90419530AF700EA1C98 /* cloud2@2x.png */ = {isa = PBXFileReference; lastKnownFileType = image.png; path = "cloud2@2x.png"; sourceTree = "<group>"; };
		651DA90519530AF700EA1C98 /* cloud3.png */ = {isa = PBXFileReference; lastKnownFileType = image.png; path = cloud3.png; sourceTree = "<group>"; };
		651DA90619530AF700EA1C98 /* cloud3@2x.png */ = {isa = PBXFileReference; lastKnownFileType = image.png; path = "cloud3@2x.png"; sourceTree = "<group>"; };
		651DA90719530AF700EA1C98 /* enemy.png */ = {isa = PBXFileReference; lastKnownFileType = image.png; path = enemy.png; sourceTree = "<group>"; };
		651DA90819530AF700EA1C98 /* enemy@2x.png */ = {isa = PBXFileReference; lastKnownFileType = image.png; path = "enemy@2x.png"; sourceTree = "<group>"; };
		651DA90919530AF700EA1C98 /* plane-rear-fire.png */ = {isa = PBXFileReference; lastKnownFileType = image.png; path = "plane-rear-fire.png"; sourceTree = "<group>"; };
		651DA90A19530AF700EA1C98 /* plane-rear-fire@2x.png */ = {isa = PBXFileReference; lastKnownFileType = image.png; path = "plane-rear-fire@2x.png"; sourceTree = "<group>"; };
		651DA90B19530AF700EA1C98 /* plane.png */ = {isa = PBXFileReference; lastKnownFileType = image.png; path = plane.png; sourceTree = "<group>"; };
		651DA90C19530AF700EA1C98 /* plane@2x.png */ = {isa = PBXFileReference; lastKnownFileType = image.png; path = "plane@2x.png"; sourceTree = "<group>"; };
		651DA90D19530AF700EA1C98 /* Screenshot_2013-09-07-09-39-25.png */ = {isa = PBXFileReference; lastKnownFileType = image.png; path = "Screenshot_2013-09-07-09-39-25.png"; sourceTree = "<group>"; };
		651DA91D19530BBB00EA1C98 /* DZAutoMoveSprite.h */ = {isa = PBXFileReference; fileEncoding = 4; lastKnownFileType = sourcecode.c.h; name = DZAutoMoveSprite.h; path = classes/DZAutoMoveSprite.h; sourceTree = "<group>"; };
		651DA91E19530BBB00EA1C98 /* DZAutoMoveSprite.m */ = {isa = PBXFileReference; fileEncoding = 4; lastKnownFileType = sourcecode.c.objc; name = DZAutoMoveSprite.m; path = classes/DZAutoMoveSprite.m; sourceTree = "<group>"; };
		651DA92019530DF600EA1C98 /* DZSence.h */ = {isa = PBXFileReference; fileEncoding = 4; lastKnownFileType = sourcecode.c.h; path = DZSence.h; sourceTree = "<group>"; };
		651DA92119530DF600EA1C98 /* DZSence.m */ = {isa = PBXFileReference; fileEncoding = 4; lastKnownFileType = sourcecode.c.objc; path = DZSence.m; sourceTree = "<group>"; };
		651DA92319530E0900EA1C98 /* DZSprite.h */ = {isa = PBXFileReference; fileEncoding = 4; lastKnownFileType = sourcecode.c.h; path = DZSprite.h; sourceTree = "<group>"; };
		651DA92419530E0900EA1C98 /* DZSprite.m */ = {isa = PBXFileReference; fileEncoding = 4; lastKnownFileType = sourcecode.c.objc; path = DZSprite.m; sourceTree = "<group>"; };
		651DA926195312D100EA1C98 /* DZSenceViewController.h */ = {isa = PBXFileReference; fileEncoding = 4; lastKnownFileType = sourcecode.c.h; path = DZSenceViewController.h; sourceTree = "<group>"; };
		651DA927195312D100EA1C98 /* DZSenceViewController.m */ = {isa = PBXFileReference; fileEncoding = 4; lastKnownFileType = sourcecode.c.objc; path = DZSenceViewController.m; sourceTree = "<group>"; };
		651DA9291953134200EA1C98 /* DZAirFightViewController.h */ = {isa = PBXFileReference; fileEncoding = 4; lastKnownFileType = sourcecode.c.h; path = DZAirFightViewController.h; sourceTree = "<group>"; };
		651DA92A1953134200EA1C98 /* DZAirFightViewController.m */ = {isa = PBXFileReference; fileEncoding = 4; lastKnownFileType = sourcecode.c.objc; path = DZAirFightViewController.m; sourceTree = "<group>"; };
		651DA92D195313CE00EA1C98 /* DZMemoryCache.h */ = {isa = PBXFileReference; fileEncoding = 4; lastKnownFileType = sourcecode.c.h; path = DZMemoryCache.h; sourceTree = "<group>"; };
		651DA92E195313CE00EA1C98 /* DZMemoryCache.m */ = {isa = PBXFileReference; fileEncoding = 4; lastKnownFileType = sourcecode.c.objc; path = DZMemoryCache.m; sourceTree = "<group>"; };
		651DA92F195313CE00EA1C98 /* DZImageCache.h */ = {isa = PBXFileReference; fileEncoding = 4; lastKnownFileType = sourcecode.c.h; path = DZImageCache.h; sourceTree = "<group>"; };
		651DA930195313CE00EA1C98 /* DZImageCache.m */ = {isa = PBXFileReference; fileEncoding = 4; lastKnownFileType = sourcecode.c.objc; path = DZImageCache.m; sourceTree = "<group>"; };
		651DA933195313E400EA1C98 /* DZSingletonFactory.h */ = {isa = PBXFileReference; fileEncoding = 4; lastKnownFileType = sourcecode.c.h; path = DZSingletonFactory.h; sourceTree = "<group>"; };
		651DA934195313E400EA1C98 /* DZSingletonFactory.m */ = {isa = PBXFileReference; fileEncoding = 4; lastKnownFileType = sourcecode.c.objc; path = DZSingletonFactory.m; sourceTree = "<group>"; };
		651DA93619531EF800EA1C98 /* HexColor.h */ = {isa = PBXFileReference; fileEncoding = 4; lastKnownFileType = sourcecode.c.h; path = HexColor.h; sourceTree = "<group>"; };
		651DA93719531EF800EA1C98 /* HexColor.m */ = {isa = PBXFileReference; fileEncoding = 4; lastKnownFileType = sourcecode.c.objc; path = HexColor.m; sourceTree = "<group>"; };
/* End PBXFileReference section */

/* Begin PBXFrameworksBuildPhase section */
		651DA8C919530AB800EA1C98 /* Frameworks */ = {
			isa = PBXFrameworksBuildPhase;
			buildActionMask = 2147483647;
			files = (
				651DA8D219530AB800EA1C98 /* CoreGraphics.framework in Frameworks */,
				651DA8D419530AB800EA1C98 /* UIKit.framework in Frameworks */,
				651DA8D019530AB800EA1C98 /* Foundation.framework in Frameworks */,
			);
			runOnlyForDeploymentPostprocessing = 0;
		};
		651DA8E419530AB800EA1C98 /* Frameworks */ = {
			isa = PBXFrameworksBuildPhase;
			buildActionMask = 2147483647;
			files = (
				651DA8E919530AB800EA1C98 /* XCTest.framework in Frameworks */,
				651DA8EB19530AB800EA1C98 /* UIKit.framework in Frameworks */,
				651DA8EA19530AB800EA1C98 /* Foundation.framework in Frameworks */,
			);
			runOnlyForDeploymentPostprocessing = 0;
		};
/* End PBXFrameworksBuildPhase section */

/* Begin PBXGroup section */
		651DA8C319530AB800EA1C98 = {
			isa = PBXGroup;
			children = (
				651DA8D519530AB800EA1C98 /* AirPlane */,
				651DA8EE19530AB800EA1C98 /* AirPlaneTests */,
				651DA8CE19530AB800EA1C98 /* Frameworks */,
				651DA8CD19530AB800EA1C98 /* Products */,
			);
			sourceTree = "<group>";
		};
		651DA8CD19530AB800EA1C98 /* Products */ = {
			isa = PBXGroup;
			children = (
				651DA8CC19530AB800EA1C98 /* AirPlane.app */,
				651DA8E719530AB800EA1C98 /* AirPlaneTests.xctest */,
			);
			name = Products;
			sourceTree = "<group>";
		};
		651DA8CE19530AB800EA1C98 /* Frameworks */ = {
			isa = PBXGroup;
			children = (
				651DA8CF19530AB800EA1C98 /* Foundation.framework */,
				651DA8D119530AB800EA1C98 /* CoreGraphics.framework */,
				651DA8D319530AB800EA1C98 /* UIKit.framework */,
				651DA8E819530AB800EA1C98 /* XCTest.framework */,
			);
			name = Frameworks;
			sourceTree = "<group>";
		};
		651DA8D519530AB800EA1C98 /* AirPlane */ = {
			isa = PBXGroup;
			children = (
				651DA93619531EF800EA1C98 /* HexColor.h */,
				651DA93719531EF800EA1C98 /* HexColor.m */,
				651DA92C195313C500EA1C98 /* cache */,
				651DA92319530E0900EA1C98 /* DZSprite.h */,
				651DA92419530E0900EA1C98 /* DZSprite.m */,
				651DA8FE19530AF700EA1C98 /* resources */,
				651DA8DE19530AB800EA1C98 /* DZAppDelegate.h */,
				651DA8DF19530AB800EA1C98 /* DZAppDelegate.m */,
				651DA8E119530AB800EA1C98 /* Images.xcassets */,
				651DA8D619530AB800EA1C98 /* Supporting Files */,
				651DA91D19530BBB00EA1C98 /* DZAutoMoveSprite.h */,
				651DA91E19530BBB00EA1C98 /* DZAutoMoveSprite.m */,
				651DA92019530DF600EA1C98 /* DZSence.h */,
				651DA92119530DF600EA1C98 /* DZSence.m */,
				651DA926195312D100EA1C98 /* DZSenceViewController.h */,
				651DA927195312D100EA1C98 /* DZSenceViewController.m */,
				651DA9291953134200EA1C98 /* DZAirFightViewController.h */,
				651DA92A1953134200EA1C98 /* DZAirFightViewController.m */,
			);
			path = AirPlane;
			sourceTree = "<group>";
		};
		651DA8D619530AB800EA1C98 /* Supporting Files */ = {
			isa = PBXGroup;
			children = (
				651DA8D719530AB800EA1C98 /* AirPlane-Info.plist */,
				651DA8D819530AB800EA1C98 /* InfoPlist.strings */,
				651DA8DB19530AB800EA1C98 /* main.m */,
				651DA8DD19530AB800EA1C98 /* AirPlane-Prefix.pch */,
			);
			name = "Supporting Files";
			sourceTree = "<group>";
		};
		651DA8EE19530AB800EA1C98 /* AirPlaneTests */ = {
			isa = PBXGroup;
			children = (
				651DA8F419530AB800EA1C98 /* AirPlaneTests.m */,
				651DA8EF19530AB800EA1C98 /* Supporting Files */,
			);
			path = AirPlaneTests;
			sourceTree = "<group>";
		};
		651DA8EF19530AB800EA1C98 /* Supporting Files */ = {
			isa = PBXGroup;
			children = (
				651DA8F019530AB800EA1C98 /* AirPlaneTests-Info.plist */,
				651DA8F119530AB800EA1C98 /* InfoPlist.strings */,
			);
			name = "Supporting Files";
			sourceTree = "<group>";
		};
		651DA8FE19530AF700EA1C98 /* resources */ = {
			isa = PBXGroup;
			children = (
				651DA8FF19530AF700EA1C98 /* bullet.png */,
				651DA90019530AF700EA1C98 /* bullet@2x.png */,
				651DA90119530AF700EA1C98 /* cloud1.png */,
				651DA90219530AF700EA1C98 /* cloud1@2x.png */,
				651DA90319530AF700EA1C98 /* cloud2.png */,
				651DA90419530AF700EA1C98 /* cloud2@2x.png */,
				651DA90519530AF700EA1C98 /* cloud3.png */,
				651DA90619530AF700EA1C98 /* cloud3@2x.png */,
				651DA90719530AF700EA1C98 /* enemy.png */,
				651DA90819530AF700EA1C98 /* enemy@2x.png */,
				651DA90919530AF700EA1C98 /* plane-rear-fire.png */,
				651DA90A19530AF700EA1C98 /* plane-rear-fire@2x.png */,
				651DA90B19530AF700EA1C98 /* plane.png */,
				651DA90C19530AF700EA1C98 /* plane@2x.png */,
				651DA90D19530AF700EA1C98 /* Screenshot_2013-09-07-09-39-25.png */,
			);
			name = resources;
			path = planes;
			sourceTree = "<group>";
		};
		651DA92C195313C500EA1C98 /* cache */ = {
			isa = PBXGroup;
			children = (
				651DA933195313E400EA1C98 /* DZSingletonFactory.h */,
				651DA934195313E400EA1C98 /* DZSingletonFactory.m */,
				651DA92D195313CE00EA1C98 /* DZMemoryCache.h */,
				651DA92E195313CE00EA1C98 /* DZMemoryCache.m */,
				651DA92F195313CE00EA1C98 /* DZImageCache.h */,
				651DA930195313CE00EA1C98 /* DZImageCache.m */,
			);
			name = cache;
			sourceTree = "<group>";
		};
/* End PBXGroup section */

/* Begin PBXNativeTarget section */
		651DA8CB19530AB800EA1C98 /* AirPlane */ = {
			isa = PBXNativeTarget;
			buildConfigurationList = 651DA8F819530AB800EA1C98 /* Build configuration list for PBXNativeTarget "AirPlane" */;
			buildPhases = (
				651DA8C819530AB800EA1C98 /* Sources */,
				651DA8C919530AB800EA1C98 /* Frameworks */,
				651DA8CA19530AB800EA1C98 /* Resources */,
			);
			buildRules = (
			);
			dependencies = (
			);
			name = AirPlane;
			productName = AirPlane;
			productReference = 651DA8CC19530AB800EA1C98 /* AirPlane.app */;
			productType = "com.apple.product-type.application";
		};
		651DA8E619530AB800EA1C98 /* AirPlaneTests */ = {
			isa = PBXNativeTarget;
			buildConfigurationList = 651DA8FB19530AB800EA1C98 /* Build configuration list for PBXNativeTarget "AirPlaneTests" */;
			buildPhases = (
				651DA8E319530AB800EA1C98 /* Sources */,
				651DA8E419530AB800EA1C98 /* Frameworks */,
				651DA8E519530AB800EA1C98 /* Resources */,
			);
			buildRules = (
			);
			dependencies = (
				651DA8ED19530AB800EA1C98 /* PBXTargetDependency */,
			);
			name = AirPlaneTests;
			productName = AirPlaneTests;
			productReference = 651DA8E719530AB800EA1C98 /* AirPlaneTests.xctest */;
			productType = "com.apple.product-type.bundle.unit-test";
		};
/* End PBXNativeTarget section */

/* Begin PBXProject section */
		651DA8C419530AB800EA1C98 /* Project object */ = {
			isa = PBXProject;
			attributes = {
				CLASSPREFIX = DZ;
				LastUpgradeCheck = 0510;
				ORGANIZATIONNAME = stonedong;
				TargetAttributes = {
					651DA8CB19530AB800EA1C98 = {
						DevelopmentTeam = 9WZQSGSX3A;
					};
					651DA8E619530AB800EA1C98 = {
						TestTargetID = 651DA8CB19530AB800EA1C98;
					};
				};
			};
			buildConfigurationList = 651DA8C719530AB800EA1C98 /* Build configuration list for PBXProject "AirPlane" */;
			compatibilityVersion = "Xcode 3.2";
			developmentRegion = English;
			hasScannedForEncodings = 0;
			knownRegions = (
				en,
			);
			mainGroup = 651DA8C319530AB800EA1C98;
			productRefGroup = 651DA8CD19530AB800EA1C98 /* Products */;
			projectDirPath = "";
			projectRoot = "";
			targets = (
				651DA8CB19530AB800EA1C98 /* AirPlane */,
				651DA8E619530AB800EA1C98 /* AirPlaneTests */,
			);
		};
/* End PBXProject section */

/* Begin PBXResourcesBuildPhase section */
		651DA8CA19530AB800EA1C98 /* Resources */ = {
			isa = PBXResourcesBuildPhase;
			buildActionMask = 2147483647;
			files = (
				651DA8DA19530AB800EA1C98 /* InfoPlist.strings in Resources */,
				651DA91219530AF700EA1C98 /* cloud2.png in Resources */,
				651DA91C19530AF700EA1C98 /* Screenshot_2013-09-07-09-39-25.png in Resources */,
				651DA91A19530AF700EA1C98 /* plane.png in Resources */,
				651DA91619530AF700EA1C98 /* enemy.png in Resources */,
				651DA91919530AF700EA1C98 /* plane-rear-fire@2x.png in Resources */,
				651DA91719530AF700EA1C98 /* enemy@2x.png in Resources */,
				651DA91819530AF700EA1C98 /* plane-rear-fire.png in Resources */,
				651DA91419530AF700EA1C98 /* cloud3.png in Resources */,
				651DA90E19530AF700EA1C98 /* bullet.png in Resources */,
				651DA91B19530AF700EA1C98 /* plane@2x.png in Resources */,
				651DA91519530AF700EA1C98 /* cloud3@2x.png in Resources */,
				651DA91319530AF700EA1C98 /* cloud2@2x.png in Resources */,
				651DA91119530AF700EA1C98 /* cloud1@2x.png in Resources */,
				651DA90F19530AF700EA1C98 /* bullet@2x.png in Resources */,
				651DA91019530AF700EA1C98 /* cloud1.png in Resources */,
				651DA8E219530AB800EA1C98 /* Images.xcassets in Resources */,
			);
			runOnlyForDeploymentPostprocessing = 0;
		};
		651DA8E519530AB800EA1C98 /* Resources */ = {
			isa = PBXResourcesBuildPhase;
			buildActionMask = 2147483647;
			files = (
				651DA8F319530AB800EA1C98 /* InfoPlist.strings in Resources */,
			);
			runOnlyForDeploymentPostprocessing = 0;
		};
/* End PBXResourcesBuildPhase section */

/* Begin PBXSourcesBuildPhase section */
		651DA8C819530AB800EA1C98 /* Sources */ = {
			isa = PBXSourcesBuildPhase;
			buildActionMask = 2147483647;
			files = (
				651DA92B1953134200EA1C98 /* DZAirFightViewController.m in Sources */,
				651DA932195313CE00EA1C98 /* DZImageCache.m in Sources */,
				651DA92219530DF600EA1C98 /* DZSence.m in Sources */,
				651DA8E019530AB800EA1C98 /* DZAppDelegate.m in Sources */,
				651DA91F19530BBB00EA1C98 /* DZAutoMoveSprite.m in Sources */,
				651DA92519530E0900EA1C98 /* DZSprite.m in Sources */,
				651DA931195313CE00EA1C98 /* DZMemoryCache.m in Sources */,
				651DA8DC19530AB800EA1C98 /* main.m in Sources */,
				651DA935195313E400EA1C98 /* DZSingletonFactory.m in Sources */,
				651DA93819531EF800EA1C98 /* HexColor.m in Sources */,
				651DA928195312D100EA1C98 /* DZSenceViewController.m in Sources */,
			);
			runOnlyForDeploymentPostprocessing = 0;
		};
		651DA8E319530AB800EA1C98 /* Sources */ = {
			isa = PBXSourcesBuildPhase;
			buildActionMask = 2147483647;
			files = (
				651DA8F519530AB800EA1C98 /* AirPlaneTests.m in Sources */,
			);
			runOnlyForDeploymentPostprocessing = 0;
		};
/* End PBXSourcesBuildPhase section */

/* Begin PBXTargetDependency section */
		651DA8ED19530AB800EA1C98 /* PBXTargetDependency */ = {
			isa = PBXTargetDependency;
			target = 651DA8CB19530AB800EA1C98 /* AirPlane */;
			targetProxy = 651DA8EC19530AB800EA1C98 /* PBXContainerItemProxy */;
		};
/* End PBXTargetDependency section */

/* Begin PBXVariantGroup section */
		651DA8D819530AB800EA1C98 /* InfoPlist.strings */ = {
			isa = PBXVariantGroup;
			children = (
				651DA8D919530AB800EA1C98 /* en */,
			);
			name = InfoPlist.strings;
			sourceTree = "<group>";
		};
		651DA8F119530AB800EA1C98 /* InfoPlist.strings */ = {
			isa = PBXVariantGroup;
			children = (
				651DA8F219530AB800EA1C98 /* en */,
			);
			name = InfoPlist.strings;
			sourceTree = "<group>";
		};
/* End PBXVariantGroup section */

/* Begin XCBuildConfiguration section */
		651DA8F619530AB800EA1C98 /* Debug */ = {
			isa = XCBuildConfiguration;
			buildSettings = {
				ALWAYS_SEARCH_USER_PATHS = NO;
				CLANG_CXX_LANGUAGE_STANDARD = "gnu++0x";
				CLANG_CXX_LIBRARY = "libc++";
				CLANG_ENABLE_MODULES = YES;
				CLANG_ENABLE_OBJC_ARC = YES;
				CLANG_WARN_BOOL_CONVERSION = YES;
				CLANG_WARN_CONSTANT_CONVERSION = YES;
				CLANG_WARN_DIRECT_OBJC_ISA_USAGE = YES_ERROR;
				CLANG_WARN_EMPTY_BODY = YES;
				CLANG_WARN_ENUM_CONVERSION = YES;
				CLANG_WARN_INT_CONVERSION = YES;
				CLANG_WARN_OBJC_ROOT_CLASS = YES_ERROR;
				CLANG_WARN__DUPLICATE_METHOD_MATCH = YES;
				"CODE_SIGN_IDENTITY[sdk=iphoneos*]" = "iPhone Developer";
				COPY_PHASE_STRIP = NO;
				GCC_C_LANGUAGE_STANDARD = gnu99;
				GCC_DYNAMIC_NO_PIC = NO;
				GCC_OPTIMIZATION_LEVEL = 0;
				GCC_PREPROCESSOR_DEFINITIONS = (
					"DEBUG=1",
					"$(inherited)",
				);
				GCC_SYMBOLS_PRIVATE_EXTERN = NO;
				GCC_WARN_64_TO_32_BIT_CONVERSION = YES;
				GCC_WARN_ABOUT_RETURN_TYPE = YES_ERROR;
				GCC_WARN_UNDECLARED_SELECTOR = YES;
				GCC_WARN_UNINITIALIZED_AUTOS = YES_AGGRESSIVE;
				GCC_WARN_UNUSED_FUNCTION = YES;
				GCC_WARN_UNUSED_VARIABLE = YES;
				IPHONEOS_DEPLOYMENT_TARGET = 7.0;
				ONLY_ACTIVE_ARCH = YES;
				SDKROOT = iphoneos;
				TARGETED_DEVICE_FAMILY = "1,2";
			};
			name = Debug;
		};
		651DA8F719530AB800EA1C98 /* Release */ = {
			isa = XCBuildConfiguration;
			buildSettings = {
				ALWAYS_SEARCH_USER_PATHS = NO;
				CLANG_CXX_LANGUAGE_STANDARD = "gnu++0x";
				CLANG_CXX_LIBRARY = "libc++";
				CLANG_ENABLE_MODULES = YES;
				CLANG_ENABLE_OBJC_ARC = YES;
				CLANG_WARN_BOOL_CONVERSION = YES;
				CLANG_WARN_CONSTANT_CONVERSION = YES;
				CLANG_WARN_DIRECT_OBJC_ISA_USAGE = YES_ERROR;
				CLANG_WARN_EMPTY_BODY = YES;
				CLANG_WARN_ENUM_CONVERSION = YES;
				CLANG_WARN_INT_CONVERSION = YES;
				CLANG_WARN_OBJC_ROOT_CLASS = YES_ERROR;
				CLANG_WARN__DUPLICATE_METHOD_MATCH = YES;
				"CODE_SIGN_IDENTITY[sdk=iphoneos*]" = "iPhone Developer";
				COPY_PHASE_STRIP = YES;
				ENABLE_NS_ASSERTIONS = NO;
				GCC_C_LANGUAGE_STANDARD = gnu99;
				GCC_WARN_64_TO_32_BIT_CONVERSION = YES;
				GCC_WARN_ABOUT_RETURN_TYPE = YES_ERROR;
				GCC_WARN_UNDECLARED_SELECTOR = YES;
				GCC_WARN_UNINITIALIZED_AUTOS = YES_AGGRESSIVE;
				GCC_WARN_UNUSED_FUNCTION = YES;
				GCC_WARN_UNUSED_VARIABLE = YES;
				IPHONEOS_DEPLOYMENT_TARGET = 7.0;
				SDKROOT = iphoneos;
				TARGETED_DEVICE_FAMILY = "1,2";
				VALIDATE_PRODUCT = YES;
			};
			name = Release;
		};
		651DA8F919530AB800EA1C98 /* Debug */ = {
			isa = XCBuildConfiguration;
			buildSettings = {
				ASSETCATALOG_COMPILER_APPICON_NAME = AppIcon;
				ASSETCATALOG_COMPILER_LAUNCHIMAGE_NAME = LaunchImage;
				CODE_SIGN_IDENTITY = "iPhone Developer: Zhao Dong (FM9P6LZ2YK)";
				GCC_PRECOMPILE_PREFIX_HEADER = YES;
				GCC_PREFIX_HEADER = "AirPlane/AirPlane-Prefix.pch";
				INFOPLIST_FILE = "AirPlane/AirPlane-Info.plist";
				PRODUCT_NAME = "$(TARGET_NAME)";
				TARGETED_DEVICE_FAMILY = 1;
				WRAPPER_EXTENSION = app;
			};
			name = Debug;
		};
		651DA8FA19530AB800EA1C98 /* Release */ = {
			isa = XCBuildConfiguration;
			buildSettings = {
				ASSETCATALOG_COMPILER_APPICON_NAME = AppIcon;
				ASSETCATALOG_COMPILER_LAUNCHIMAGE_NAME = LaunchImage;
				CODE_SIGN_IDENTITY = "iPhone Developer: Zhao Dong (FM9P6LZ2YK)";
				GCC_PRECOMPILE_PREFIX_HEADER = YES;
				GCC_PREFIX_HEADER = "AirPlane/AirPlane-Prefix.pch";
				INFOPLIST_FILE = "AirPlane/AirPlane-Info.plist";
				PRODUCT_NAME = "$(TARGET_NAME)";
				TARGETED_DEVICE_FAMILY = 1;
				WRAPPER_EXTENSION = app;
			};
			name = Release;
		};
		651DA8FC19530AB800EA1C98 /* Debug */ = {
			isa = XCBuildConfiguration;
			buildSettings = {
				BUNDLE_LOADER = "$(BUILT_PRODUCTS_DIR)/AirPlane.app/AirPlane";
				FRAMEWORK_SEARCH_PATHS = (
					"$(SDKROOT)/Developer/Library/Frameworks",
					"$(inherited)",
					"$(DEVELOPER_FRAMEWORKS_DIR)",
				);
				GCC_PRECOMPILE_PREFIX_HEADER = YES;
				GCC_PREFIX_HEADER = "AirPlane/AirPlane-Prefix.pch";
				GCC_PREPROCESSOR_DEFINITIONS = (
					"DEBUG=1",
					"$(inherited)",
				);
				INFOPLIST_FILE = "AirPlaneTests/AirPlaneTests-Info.plist";
				PRODUCT_NAME = "$(TARGET_NAME)";
				TEST_HOST = "$(BUNDLE_LOADER)";
				WRAPPER_EXTENSION = xctest;
			};
			name = Debug;
		};
		651DA8FD19530AB800EA1C98 /* Release */ = {
			isa = XCBuildConfiguration;
			buildSettings = {
				BUNDLE_LOADER = "$(BUILT_PRODUCTS_DIR)/AirPlane.app/AirPlane";
				FRAMEWORK_SEARCH_PATHS = (
					"$(SDKROOT)/Developer/Library/Frameworks",
					"$(inherited)",
					"$(DEVELOPER_FRAMEWORKS_DIR)",
				);
				GCC_PRECOMPILE_PREFIX_HEADER = YES;
				GCC_PREFIX_HEADER = "AirPlane/AirPlane-Prefix.pch";
				INFOPLIST_FILE = "AirPlaneTests/AirPlaneTests-Info.plist";
				PRODUCT_NAME = "$(TARGET_NAME)";
				TEST_HOST = "$(BUNDLE_LOADER)";
				WRAPPER_EXTENSION = xctest;
			};
			name = Release;
		};
/* End XCBuildConfiguration section */

/* Begin XCConfigurationList section */
		651DA8C719530AB800EA1C98 /* Build configuration list for PBXProject "AirPlane" */ = {
			isa = XCConfigurationList;
			buildConfigurations = (
				651DA8F619530AB800EA1C98 /* Debug */,
				651DA8F719530AB800EA1C98 /* Release */,
			);
			defaultConfigurationIsVisible = 0;
			defaultConfigurationName = Release;
		};
		651DA8F819530AB800EA1C98 /* Build configuration list for PBXNativeTarget "AirPlane" */ = {
			isa = XCConfigurationList;
			buildConfigurations = (
				651DA8F919530AB800EA1C98 /* Debug */,
				651DA8FA19530AB800EA1C98 /* Release */,
			);
			defaultConfigurationIsVisible = 0;
		};
		651DA8FB19530AB800EA1C98 /* Build configuration list for PBXNativeTarget "AirPlaneTests" */ = {
			isa = XCConfigurationList;
			buildConfigurations = (
				651DA8FC19530AB800EA1C98 /* Debug */,
				651DA8FD19530AB800EA1C98 /* Release */,
			);
			defaultConfigurationIsVisible = 0;
		};
/* End XCConfigurationList section */
	};
	rootObject = 651DA8C419530AB800EA1C98 /* Project object */;
}
